
Microsoft Visual Studio Solution File, Format Version 12.00
# Visual Studio 15
VisualStudioVersion = 15.0.26730.12
MinimumVisualStudioVersion = 10.0.40219.1
Project("{888888A0-9F3D-457C-B088-3A5042F75D52}") = "Script_Py_Rsx_Socket", "Script_Py_Rsx_Socket.pyproj", "{50D8F471-00C6-4458-99F2-999BA50BA522}"
EndProject
Global
	GlobalSection(SolutionConfigurationPlatforms) = preSolution
		Debug|Any CPU = Debug|Any CPU
		Release|Any CPU = Release|Any CPU
	EndGlobalSection
	GlobalSection(ProjectConfigurationPlatforms) = postSolution
		{50D8F471-00C6-4458-99F2-999BA50BA522}.Debug|Any CPU.ActiveCfg = Debug|Any CPU
		{50D8F471-00C6-4458-99F2-999BA50BA522}.Release|Any CPU.ActiveCfg = Release|Any CPU
	EndGlobalSection
	GlobalSection(SolutionProperties) = preSolution
		HideSolutionNode = FALSE
	EndGlobalSection
	GlobalSection(ExtensibilityGlobals) = postSolution
		SolutionGuid = {4CB20984-FC71-4C3B-96B9-0221A38B91FC}
	EndGlobalSection
EndGlobal
